/scratch/general/vast/u1424875/neural-feature-identification-pipeline/69/features/MAV.h5
/scratch/general/vast/u1424875/neural-feature-identification-pipeline/84/features/MAV.h5
/scratch/general/vast/u1424875/neural-feature-identification-pipeline/70/features/NFR.h5
/scratch/general/vast/u1424875/neural-feature-identification-pipeline/85/features/NFR.h5
/scratch/general/vast/u1424875/neural-feature-identification-pipeline/55/features/NFR.h5
/scratch/general/vast/u1424875/neural-feature-identification-pipeline/55/features/SBP-RAW.h5
/scratch/general/vast/u1424875/neural-feature-identification-pipeline/70/features/SBP-RAW.h5
/scratch/general/vast/u1424875/neural-feature-identification-pipeline/85/features/SBP-RAW.h5
/scratch/general/vast/u1424875/neural-feature-identification-pipeline/85/features/DWT-DB4.h5
/scratch/general/vast/u1424875/neural-feature-identification-pipeline/77/kinematics.h5
/scratch/general/vast/u1424875/neural-feature-identification-pipeline/77/events.h5
/scratch/general/vast/u1424875/neural-feature-identification-pipeline/55/features/DWT-DB4.h5
/scratch/general/vast/u1424875/neural-feature-identification-pipeline/70/features/DWT-DB4.h5
/scratch/general/vast/u1424875/neural-feature-identification-pipeline/78/kinematics.h5
/scratch/general/vast/u1424875/neural-feature-identification-pipeline/78/events.h5
/scratch/general/vast/u1424875/neural-feature-identification-pipeline/138/kinematics.h5
/scratch/general/vast/u1424875/neural-feature-identification-pipeline/138/events.h5
/scratch/general/vast/u1424875/neural-feature-identification-pipeline/55/features/MAV.h5
/scratch/general/vast/u1424875/neural-feature-identification-pipeline/70/features/MAV.h5
/scratch/general/vast/u1424875/neural-feature-identification-pipeline/85/features/MAV.h5
/scratch/general/vast/u1424875/neural-feature-identification-pipeline/56/features/NFR.h5
/scratch/general/vast/u1424875/neural-feature-identification-pipeline/86/features/NFR.h5
/scratch/general/vast/u1424875/neural-feature-identification-pipeline/139/kinematics.h5
/scratch/general/vast/u1424875/neural-feature-identification-pipeline/139/events.h5
/scratch/general/vast/u1424875/neural-feature-identification-pipeline/86/features/SBP-RAW.h5
/scratch/general/vast/u1424875/neural-feature-identification-pipeline/80/kinematics.h5
/scratch/general/vast/u1424875/neural-feature-identification-pipeline/80/events.h5
/scratch/general/vast/u1424875/neural-feature-identification-pipeline/56/features/SBP-RAW.h5
/scratch/general/vast/u1424875/neural-feature-identification-pipeline/86/features/DWT-DB4.h5
/scratch/general/vast/u1424875/neural-feature-identification-pipeline/81/kinematics.h5
/scratch/general/vast/u1424875/neural-feature-identification-pipeline/81/events.h5
/scratch/general/vast/u1424875/neural-feature-identification-pipeline/56/features/DWT-DB4.h5
/scratch/general/vast/u1424875/neural-feature-identification-pipeline/86/features/MAV.h5
/scratch/general/vast/u1424875/neural-feature-identification-pipeline/82/kinematics.h5
/scratch/general/vast/u1424875/neural-feature-identification-pipeline/82/events.h5
/scratch/general/vast/u1424875/neural-feature-identification-pipeline/56/features/MAV.h5
/scratch/general/vast/u1424875/neural-feature-identification-pipeline/12/features/NFR.h5
/scratch/general/vast/u1424875/neural-feature-identification-pipeline/83/kinematics.h5
/scratch/general/vast/u1424875/neural-feature-identification-pipeline/83/events.h5
/scratch/general/vast/u1424875/neural-feature-identification-pipeline/57/features/NFR.h5
/scratch/general/vast/u1424875/neural-feature-identification-pipeline/87/features/NFR.h5
/scratch/general/vast/u1424875/neural-feature-identification-pipeline/57/features/SBP-RAW.h5
/scratch/general/vast/u1424875/neural-feature-identification-pipeline/87/features/SBP-RAW.h5
/scratch/general/vast/u1424875/neural-feature-identification-pipeline/84/kinematics.h5
/scratch/general/vast/u1424875/neural-feature-identification-pipeline/84/events.h5
/scratch/general/vast/u1424875/neural-feature-identification-pipeline/12/features/SBP-RAW.h5
/scratch/general/vast/u1424875/neural-feature-identification-pipeline/85/kinematics.h5
/scratch/general/vast/u1424875/neural-feature-identification-pipeline/85/events.h5
/scratch/general/vast/u1424875/neural-feature-identification-pipeline/145/kinematics.h5
/scratch/general/vast/u1424875/neural-feature-identification-pipeline/145/events.h5
/scratch/general/vast/u1424875/neural-feature-identification-pipeline/12/features/DWT-DB4.h5
/scratch/general/vast/u1424875/neural-feature-identification-pipeline/57/features/DWT-DB4.h5
/scratch/general/vast/u1424875/neural-feature-identification-pipeline/87/features/DWT-DB4.h5
/scratch/general/vast/u1424875/neural-feature-identification-pipeline/86/kinematics.h5
/scratch/general/vast/u1424875/neural-feature-identification-pipeline/86/events.h5
/scratch/general/vast/u1424875/neural-feature-identification-pipeline/12/features/MAV.h5
/scratch/general/vast/u1424875/neural-feature-identification-pipeline/57/features/MAV.h5
/scratch/general/vast/u1424875/neural-feature-identification-pipeline/87/features/MAV.h5
/scratch/general/vast/u1424875/neural-feature-identification-pipeline/58/features/NFR.h5
/scratch/general/vast/u1424875/neural-feature-identification-pipeline/87/kinematics.h5
/scratch/general/vast/u1424875/neural-feature-identification-pipeline/87/events.h5
/scratch/general/vast/u1424875/neural-feature-identification-pipeline/147/kinematics.h5
/scratch/general/vast/u1424875/neural-feature-identification-pipeline/147/events.h5
/scratch/general/vast/u1424875/neural-feature-identification-pipeline/58/features/SBP-RAW.h5
/scratch/general/vast/u1424875/neural-feature-identification-pipeline/89/kinematics.h5
/scratch/general/vast/u1424875/neural-feature-identification-pipeline/89/events.h5
/scratch/general/vast/u1424875/neural-feature-identification-pipeline/149/kinematics.h5
/scratch/general/vast/u1424875/neural-feature-identification-pipeline/149/events.h5
/scratch/general/vast/u1424875/neural-feature-identification-pipeline/58/features/DWT-DB4.h5
/scratch/general/vast/u1424875/neural-feature-identification-pipeline/150/kinematics.h5
/scratch/general/vast/u1424875/neural-feature-identification-pipeline/150/events.h5
/scratch/general/vast/u1424875/neural-feature-identification-pipeline/58/features/MAV.h5
/scratch/general/vast/u1424875/neural-feature-identification-pipeline/89/features/NFR.h5
/scratch/general/vast/u1424875/neural-feature-identification-pipeline/151/kinematics.h5
/scratch/general/vast/u1424875/neural-feature-identification-pipeline/151/events.h5
/scratch/general/vast/u1424875/neural-feature-identification-pipeline/59/features/NFR.h5
/scratch/general/vast/u1424875/neural-feature-identification-pipeline/59/features/SBP-RAW.h5
/scratch/general/vast/u1424875/neural-feature-identification-pipeline/89/features/SBP-RAW.h5
/scratch/general/vast/u1424875/neural-feature-identification-pipeline/59/features/DWT-DB4.h5
/scratch/general/vast/u1424875/neural-feature-identification-pipeline/89/features/DWT-DB4.h5
/scratch/general/vast/u1424875/neural-feature-identification-pipeline/94/kinematics.h5
/scratch/general/vast/u1424875/neural-feature-identification-pipeline/94/events.h5
/scratch/general/vast/u1424875/neural-feature-identification-pipeline/59/features/MAV.h5
/scratch/general/vast/u1424875/neural-feature-identification-pipeline/89/features/MAV.h5
/scratch/general/vast/u1424875/neural-feature-identification-pipeline/60/features/NFR.h5
/scratch/general/vast/u1424875/neural-feature-identification-pipeline/60/features/SBP-RAW.h5
/scratch/general/vast/u1424875/neural-feature-identification-pipeline/60/features/DWT-DB4.h5
/scratch/general/vast/u1424875/neural-feature-identification-pipeline/60/features/MAV.h5
/scratch/general/vast/u1424875/neural-feature-identification-pipeline/102/kinematics.h5
/scratch/general/vast/u1424875/neural-feature-identification-pipeline/102/events.h5
/scratch/general/vast/u1424875/neural-feature-identification-pipeline/17/features/NFR.h5
/scratch/general/vast/u1424875/neural-feature-identification-pipeline/62/features/NFR.h5
/scratch/general/vast/u1424875/neural-feature-identification-pipeline/77/features/NFR.h5
/scratch/general/vast/u1424875/neural-feature-identification-pipeline/17/features/SBP-RAW.h5
/scratch/general/vast/u1424875/neural-feature-identification-pipeline/62/features/SBP-RAW.h5
/scratch/general/vast/u1424875/neural-feature-identification-pipeline/77/features/SBP-RAW.h5
/scratch/general/vast/u1424875/neural-feature-identification-pipeline/62/features/DWT-DB4.h5
/scratch/general/vast/u1424875/neural-feature-identification-pipeline/77/features/DWT-DB4.h5
/scratch/general/vast/u1424875/neural-feature-identification-pipeline/17/features/DWT-DB4.h5
/scratch/general/vast/u1424875/neural-feature-identification-pipeline/17/features/MAV.h5
/scratch/general/vast/u1424875/neural-feature-identification-pipeline/77/features/MAV.h5
/scratch/general/vast/u1424875/neural-feature-identification-pipeline/62/features/MAV.h5
/scratch/general/vast/u1424875/neural-feature-identification-pipeline/78/features/NFR.h5
/scratch/general/vast/u1424875/neural-feature-identification-pipeline/18/features/NFR.h5
/scratch/general/vast/u1424875/neural-feature-identification-pipeline/63/features/NFR.h5
/scratch/general/vast/u1424875/neural-feature-identification-pipeline/18/features/SBP-RAW.h5
/scratch/general/vast/u1424875/neural-feature-identification-pipeline/108/kinematics.h5
/scratch/general/vast/u1424875/neural-feature-identification-pipeline/108/events.h5
/scratch/general/vast/u1424875/neural-feature-identification-pipeline/78/features/SBP-RAW.h5
/scratch/general/vast/u1424875/neural-feature-identification-pipeline/63/features/SBP-RAW.h5
/scratch/general/vast/u1424875/neural-feature-identification-pipeline/63/features/DWT-DB4.h5
/scratch/general/vast/u1424875/neural-feature-identification-pipeline/78/features/DWT-DB4.h5
/scratch/general/vast/u1424875/neural-feature-identification-pipeline/109/kinematics.h5
/scratch/general/vast/u1424875/neural-feature-identification-pipeline/109/events.h5
/scratch/general/vast/u1424875/neural-feature-identification-pipeline/18/features/DWT-DB4.h5
/scratch/general/vast/u1424875/neural-feature-identification-pipeline/78/features/MAV.h5
/scratch/general/vast/u1424875/neural-feature-identification-pipeline/18/features/MAV.h5
/scratch/general/vast/u1424875/neural-feature-identification-pipeline/63/features/MAV.h5
/scratch/general/vast/u1424875/neural-feature-identification-pipeline/64/features/NFR.h5
/scratch/general/vast/u1424875/neural-feature-identification-pipeline/94/features/NFR.h5
/scratch/general/vast/u1424875/neural-feature-identification-pipeline/94/features/SBP-RAW.h5
/scratch/general/vast/u1424875/neural-feature-identification-pipeline/64/features/SBP-RAW.h5
/scratch/general/vast/u1424875/neural-feature-identification-pipeline/64/features/DWT-DB4.h5
/scratch/general/vast/u1424875/neural-feature-identification-pipeline/94/features/DWT-DB4.h5
/scratch/general/vast/u1424875/neural-feature-identification-pipeline/64/features/MAV.h5
/scratch/general/vast/u1424875/neural-feature-identification-pipeline/94/features/MAV.h5
/scratch/general/vast/u1424875/neural-feature-identification-pipeline/80/features/NFR.h5
/scratch/general/vast/u1424875/neural-feature-identification-pipeline/115/kinematics.h5
/scratch/general/vast/u1424875/neural-feature-identification-pipeline/115/events.h5
/scratch/general/vast/u1424875/neural-feature-identification-pipeline/65/features/NFR.h5
/scratch/general/vast/u1424875/neural-feature-identification-pipeline/65/features/SBP-RAW.h5
/scratch/general/vast/u1424875/neural-feature-identification-pipeline/80/features/SBP-RAW.h5
/scratch/general/vast/u1424875/neural-feature-identification-pipeline/117/kinematics.h5
/scratch/general/vast/u1424875/neural-feature-identification-pipeline/117/events.h5
/scratch/general/vast/u1424875/neural-feature-identification-pipeline/65/features/DWT-DB4.h5
/scratch/general/vast/u1424875/neural-feature-identification-pipeline/80/features/DWT-DB4.h5
/scratch/general/vast/u1424875/neural-feature-identification-pipeline/80/features/MAV.h5
/scratch/general/vast/u1424875/neural-feature-identification-pipeline/65/features/MAV.h5
/scratch/general/vast/u1424875/neural-feature-identification-pipeline/66/features/NFR.h5
/scratch/general/vast/u1424875/neural-feature-identification-pipeline/81/features/NFR.h5
/scratch/general/vast/u1424875/neural-feature-identification-pipeline/66/features/SBP-RAW.h5
/scratch/general/vast/u1424875/neural-feature-identification-pipeline/81/features/SBP-RAW.h5
/scratch/general/vast/u1424875/neural-feature-identification-pipeline/120/kinematics.h5
/scratch/general/vast/u1424875/neural-feature-identification-pipeline/120/events.h5
/scratch/general/vast/u1424875/neural-feature-identification-pipeline/66/features/DWT-DB4.h5
/scratch/general/vast/u1424875/neural-feature-identification-pipeline/81/features/DWT-DB4.h5
/scratch/general/vast/u1424875/neural-feature-identification-pipeline/122/kinematics.h5
/scratch/general/vast/u1424875/neural-feature-identification-pipeline/122/events.h5
/scratch/general/vast/u1424875/neural-feature-identification-pipeline/66/features/MAV.h5
/scratch/general/vast/u1424875/neural-feature-identification-pipeline/81/features/MAV.h5
/scratch/general/vast/u1424875/neural-feature-identification-pipeline/67/features/NFR.h5
/scratch/general/vast/u1424875/neural-feature-identification-pipeline/82/features/NFR.h5
/scratch/general/vast/u1424875/neural-feature-identification-pipeline/67/features/SBP-RAW.h5
/scratch/general/vast/u1424875/neural-feature-identification-pipeline/124/kinematics.h5
/scratch/general/vast/u1424875/neural-feature-identification-pipeline/124/events.h5
/scratch/general/vast/u1424875/neural-feature-identification-pipeline/82/features/SBP-RAW.h5
/scratch/general/vast/u1424875/neural-feature-identification-pipeline/67/features/DWT-DB4.h5
/scratch/general/vast/u1424875/neural-feature-identification-pipeline/82/features/DWT-DB4.h5
/scratch/general/vast/u1424875/neural-feature-identification-pipeline/82/features/MAV.h5
/scratch/general/vast/u1424875/neural-feature-identification-pipeline/67/features/MAV.h5
/scratch/general/vast/u1424875/neural-feature-identification-pipeline/68/features/NFR.h5
/scratch/general/vast/u1424875/neural-feature-identification-pipeline/83/features/NFR.h5
/scratch/general/vast/u1424875/neural-feature-identification-pipeline/23/features/NFR.h5
/scratch/general/vast/u1424875/neural-feature-identification-pipeline/68/features/SBP-RAW.h5
/scratch/general/vast/u1424875/neural-feature-identification-pipeline/23/features/SBP-RAW.h5
/scratch/general/vast/u1424875/neural-feature-identification-pipeline/83/features/SBP-RAW.h5
/scratch/general/vast/u1424875/neural-feature-identification-pipeline/68/features/DWT-DB4.h5
/scratch/general/vast/u1424875/neural-feature-identification-pipeline/83/features/DWT-DB4.h5
/scratch/general/vast/u1424875/neural-feature-identification-pipeline/23/features/DWT-DB4.h5
/scratch/general/vast/u1424875/neural-feature-identification-pipeline/23/features/MAV.h5
/scratch/general/vast/u1424875/neural-feature-identification-pipeline/83/features/MAV.h5
/scratch/general/vast/u1424875/neural-feature-identification-pipeline/68/features/MAV.h5
/scratch/general/vast/u1424875/neural-feature-identification-pipeline/69/features/NFR.h5
/scratch/general/vast/u1424875/neural-feature-identification-pipeline/24/features/NFR.h5
/scratch/general/vast/u1424875/neural-feature-identification-pipeline/84/features/NFR.h5
/scratch/general/vast/u1424875/neural-feature-identification-pipeline/69/features/SBP-RAW.h5
/scratch/general/vast/u1424875/neural-feature-identification-pipeline/84/features/SBP-RAW.h5
/scratch/general/vast/u1424875/neural-feature-identification-pipeline/132/kinematics.h5
/scratch/general/vast/u1424875/neural-feature-identification-pipeline/132/events.h5
/scratch/general/vast/u1424875/neural-feature-identification-pipeline/24/features/SBP-RAW.h5
/scratch/general/vast/u1424875/neural-feature-identification-pipeline/84/features/DWT-DB4.h5
/scratch/general/vast/u1424875/neural-feature-identification-pipeline/24/features/DWT-DB4.h5
/scratch/general/vast/u1424875/neural-feature-identification-pipeline/69/features/DWT-DB4.h5
/scratch/general/vast/u1424875/neural-feature-identification-pipeline/24/features/MAV.h5
/scratch/general/vast/u1424875/neural-feature-identification-pipeline/39/features/MAV.h5
/scratch/general/vast/u1424875/neural-feature-identification-pipeline/25/features/NFR.h5
/scratch/general/vast/u1424875/neural-feature-identification-pipeline/40/features/NFR.h5
/scratch/general/vast/u1424875/neural-feature-identification-pipeline/115/features/NFR.h5
/scratch/general/vast/u1424875/neural-feature-identification-pipeline/145/features/NFR.h5
/scratch/general/vast/u1424875/neural-feature-identification-pipeline/40/features/SBP-RAW.h5
/scratch/general/vast/u1424875/neural-feature-identification-pipeline/25/features/SBP-RAW.h5
/scratch/general/vast/u1424875/neural-feature-identification-pipeline/115/features/SBP-RAW.h5
/scratch/general/vast/u1424875/neural-feature-identification-pipeline/145/features/SBP-RAW.h5
/scratch/general/vast/u1424875/neural-feature-identification-pipeline/17/kinematics.h5
/scratch/general/vast/u1424875/neural-feature-identification-pipeline/17/events.h5
/scratch/general/vast/u1424875/neural-feature-identification-pipeline/25/features/DWT-DB4.h5
/scratch/general/vast/u1424875/neural-feature-identification-pipeline/40/features/DWT-DB4.h5
/scratch/general/vast/u1424875/neural-feature-identification-pipeline/115/features/DWT-DB4.h5
/scratch/general/vast/u1424875/neural-feature-identification-pipeline/145/features/DWT-DB4.h5
/scratch/general/vast/u1424875/neural-feature-identification-pipeline/18/kinematics.h5
/scratch/general/vast/u1424875/neural-feature-identification-pipeline/18/events.h5
/scratch/general/vast/u1424875/neural-feature-identification-pipeline/25/features/MAV.h5
/scratch/general/vast/u1424875/neural-feature-identification-pipeline/40/features/MAV.h5
/scratch/general/vast/u1424875/neural-feature-identification-pipeline/115/features/MAV.h5
/scratch/general/vast/u1424875/neural-feature-identification-pipeline/145/features/MAV.h5
/scratch/general/vast/u1424875/neural-feature-identification-pipeline/27/features/NFR.h5
/scratch/general/vast/u1424875/neural-feature-identification-pipeline/102/features/NFR.h5
/scratch/general/vast/u1424875/neural-feature-identification-pipeline/117/features/NFR.h5
/scratch/general/vast/u1424875/neural-feature-identification-pipeline/147/features/NFR.h5
/scratch/general/vast/u1424875/neural-feature-identification-pipeline/23/kinematics.h5
/scratch/general/vast/u1424875/neural-feature-identification-pipeline/23/events.h5
/scratch/general/vast/u1424875/neural-feature-identification-pipeline/132/features/NFR.h5
/scratch/general/vast/u1424875/neural-feature-identification-pipeline/27/features/SBP-RAW.h5
/scratch/general/vast/u1424875/neural-feature-identification-pipeline/102/features/SBP-RAW.h5
/scratch/general/vast/u1424875/neural-feature-identification-pipeline/117/features/SBP-RAW.h5
/scratch/general/vast/u1424875/neural-feature-identification-pipeline/132/features/SBP-RAW.h5
/scratch/general/vast/u1424875/neural-feature-identification-pipeline/147/features/SBP-RAW.h5
/scratch/general/vast/u1424875/neural-feature-identification-pipeline/24/kinematics.h5
/scratch/general/vast/u1424875/neural-feature-identification-pipeline/24/events.h5
/scratch/general/vast/u1424875/neural-feature-identification-pipeline/132/features/DWT-DB4.h5
/scratch/general/vast/u1424875/neural-feature-identification-pipeline/117/features/DWT-DB4.h5
/scratch/general/vast/u1424875/neural-feature-identification-pipeline/147/features/DWT-DB4.h5
/scratch/general/vast/u1424875/neural-feature-identification-pipeline/25/kinematics.h5
/scratch/general/vast/u1424875/neural-feature-identification-pipeline/25/events.h5
/scratch/general/vast/u1424875/neural-feature-identification-pipeline/27/features/DWT-DB4.h5
/scratch/general/vast/u1424875/neural-feature-identification-pipeline/102/features/DWT-DB4.h5
/scratch/general/vast/u1424875/neural-feature-identification-pipeline/132/features/MAV.h5
/scratch/general/vast/u1424875/neural-feature-identification-pipeline/27/features/MAV.h5
/scratch/general/vast/u1424875/neural-feature-identification-pipeline/102/features/MAV.h5
/scratch/general/vast/u1424875/neural-feature-identification-pipeline/117/features/MAV.h5
/scratch/general/vast/u1424875/neural-feature-identification-pipeline/147/features/MAV.h5
/scratch/general/vast/u1424875/neural-feature-identification-pipeline/28/features/NFR.h5
/scratch/general/vast/u1424875/neural-feature-identification-pipeline/27/kinematics.h5
/scratch/general/vast/u1424875/neural-feature-identification-pipeline/27/events.h5
/scratch/general/vast/u1424875/neural-feature-identification-pipeline/28/kinematics.h5
/scratch/general/vast/u1424875/neural-feature-identification-pipeline/28/events.h5
/scratch/general/vast/u1424875/neural-feature-identification-pipeline/28/features/SBP-RAW.h5
/scratch/general/vast/u1424875/neural-feature-identification-pipeline/28/features/DWT-DB4.h5
/scratch/general/vast/u1424875/neural-feature-identification-pipeline/28/features/MAV.h5
/scratch/general/vast/u1424875/neural-feature-identification-pipeline/149/features/NFR.h5
/scratch/general/vast/u1424875/neural-feature-identification-pipeline/31/kinematics.h5
/scratch/general/vast/u1424875/neural-feature-identification-pipeline/31/events.h5
/scratch/general/vast/u1424875/neural-feature-identification-pipeline/149/features/SBP-RAW.h5
/scratch/general/vast/u1424875/neural-feature-identification-pipeline/149/features/DWT-DB4.h5
/scratch/general/vast/u1424875/neural-feature-identification-pipeline/34/kinematics.h5
/scratch/general/vast/u1424875/neural-feature-identification-pipeline/34/events.h5
/scratch/general/vast/u1424875/neural-feature-identification-pipeline/149/features/MAV.h5
/scratch/general/vast/u1424875/neural-feature-identification-pipeline/120/features/NFR.h5
/scratch/general/vast/u1424875/neural-feature-identification-pipeline/35/kinematics.h5
/scratch/general/vast/u1424875/neural-feature-identification-pipeline/35/events.h5
/scratch/general/vast/u1424875/neural-feature-identification-pipeline/1/features/MAV.h5
/scratch/general/vast/u1424875/neural-feature-identification-pipeline/150/features/NFR.h5
/scratch/general/vast/u1424875/neural-feature-identification-pipeline/120/features/SBP-RAW.h5
/scratch/general/vast/u1424875/neural-feature-identification-pipeline/150/features/SBP-RAW.h5
/scratch/general/vast/u1424875/neural-feature-identification-pipeline/150/features/DWT-DB4.h5
/scratch/general/vast/u1424875/neural-feature-identification-pipeline/37/kinematics.h5
/scratch/general/vast/u1424875/neural-feature-identification-pipeline/37/events.h5
/scratch/general/vast/u1424875/neural-feature-identification-pipeline/120/features/DWT-DB4.h5
/scratch/general/vast/u1424875/neural-feature-identification-pipeline/1/features/DWT-DB4.h5
/scratch/general/vast/u1424875/neural-feature-identification-pipeline/38/kinematics.h5
/scratch/general/vast/u1424875/neural-feature-identification-pipeline/38/events.h5
/scratch/general/vast/u1424875/neural-feature-identification-pipeline/120/features/MAV.h5
/scratch/general/vast/u1424875/neural-feature-identification-pipeline/150/features/MAV.h5
/scratch/general/vast/u1424875/neural-feature-identification-pipeline/31/features/NFR.h5
/scratch/general/vast/u1424875/neural-feature-identification-pipeline/39/kinematics.h5
/scratch/general/vast/u1424875/neural-feature-identification-pipeline/39/events.h5
/scratch/general/vast/u1424875/neural-feature-identification-pipeline/1/features/SBP-RAW.h5
/scratch/general/vast/u1424875/neural-feature-identification-pipeline/151/features/NFR.h5
/scratch/general/vast/u1424875/neural-feature-identification-pipeline/31/features/SBP-RAW.h5
/scratch/general/vast/u1424875/neural-feature-identification-pipeline/40/kinematics.h5
/scratch/general/vast/u1424875/neural-feature-identification-pipeline/40/events.h5
/scratch/general/vast/u1424875/neural-feature-identification-pipeline/151/features/SBP-RAW.h5
/scratch/general/vast/u1424875/neural-feature-identification-pipeline/151/features/DWT-DB4.h5
/scratch/general/vast/u1424875/neural-feature-identification-pipeline/31/features/DWT-DB4.h5
/scratch/general/vast/u1424875/neural-feature-identification-pipeline/1/features/NFR.h5
/scratch/general/vast/u1424875/neural-feature-identification-pipeline/31/features/MAV.h5
/scratch/general/vast/u1424875/neural-feature-identification-pipeline/151/features/MAV.h5
/scratch/general/vast/u1424875/neural-feature-identification-pipeline/2/features/NFR.h5
/scratch/general/vast/u1424875/neural-feature-identification-pipeline/122/features/NFR.h5
/scratch/general/vast/u1424875/neural-feature-identification-pipeline/2/features/SBP-RAW.h5
/scratch/general/vast/u1424875/neural-feature-identification-pipeline/122/features/SBP-RAW.h5
/scratch/general/vast/u1424875/neural-feature-identification-pipeline/2/features/DWT-DB4.h5
/scratch/general/vast/u1424875/neural-feature-identification-pipeline/122/features/DWT-DB4.h5
/scratch/general/vast/u1424875/neural-feature-identification-pipeline/2/features/MAV.h5
/scratch/general/vast/u1424875/neural-feature-identification-pipeline/122/features/MAV.h5
/scratch/general/vast/u1424875/neural-feature-identification-pipeline/48/features/NFR.h5
/scratch/general/vast/u1424875/neural-feature-identification-pipeline/138/features/NFR.h5
/scratch/general/vast/u1424875/neural-feature-identification-pipeline/108/features/NFR.h5
/scratch/general/vast/u1424875/neural-feature-identification-pipeline/48/features/SBP-RAW.h5
/scratch/general/vast/u1424875/neural-feature-identification-pipeline/138/features/SBP-RAW.h5
/scratch/general/vast/u1424875/neural-feature-identification-pipeline/48/kinematics.h5
/scratch/general/vast/u1424875/neural-feature-identification-pipeline/48/events.h5
/scratch/general/vast/u1424875/neural-feature-identification-pipeline/108/features/SBP-RAW.h5
/scratch/general/vast/u1424875/neural-feature-identification-pipeline/108/features/DWT-DB4.h5
/scratch/general/vast/u1424875/neural-feature-identification-pipeline/138/features/DWT-DB4.h5
/scratch/general/vast/u1424875/neural-feature-identification-pipeline/48/features/DWT-DB4.h5
/scratch/general/vast/u1424875/neural-feature-identification-pipeline/48/features/MAV.h5
/scratch/general/vast/u1424875/neural-feature-identification-pipeline/108/features/MAV.h5
/scratch/general/vast/u1424875/neural-feature-identification-pipeline/138/features/MAV.h5
/scratch/general/vast/u1424875/neural-feature-identification-pipeline/4/features/NFR.h5
/scratch/general/vast/u1424875/neural-feature-identification-pipeline/124/features/NFR.h5
/scratch/general/vast/u1424875/neural-feature-identification-pipeline/34/features/NFR.h5
/scratch/general/vast/u1424875/neural-feature-identification-pipeline/109/features/NFR.h5
/scratch/general/vast/u1424875/neural-feature-identification-pipeline/139/features/NFR.h5
/scratch/general/vast/u1424875/neural-feature-identification-pipeline/109/features/SBP-RAW.h5
/scratch/general/vast/u1424875/neural-feature-identification-pipeline/124/features/SBP-RAW.h5
/scratch/general/vast/u1424875/neural-feature-identification-pipeline/139/features/SBP-RAW.h5
/scratch/general/vast/u1424875/neural-feature-identification-pipeline/4/features/SBP-RAW.h5
/scratch/general/vast/u1424875/neural-feature-identification-pipeline/34/features/SBP-RAW.h5
/scratch/general/vast/u1424875/neural-feature-identification-pipeline/34/features/DWT-DB4.h5
/scratch/general/vast/u1424875/neural-feature-identification-pipeline/124/features/DWT-DB4.h5
/scratch/general/vast/u1424875/neural-feature-identification-pipeline/53/kinematics.h5
/scratch/general/vast/u1424875/neural-feature-identification-pipeline/53/events.h5
/scratch/general/vast/u1424875/neural-feature-identification-pipeline/4/features/DWT-DB4.h5
/scratch/general/vast/u1424875/neural-feature-identification-pipeline/109/features/DWT-DB4.h5
/scratch/general/vast/u1424875/neural-feature-identification-pipeline/139/features/DWT-DB4.h5
/scratch/general/vast/u1424875/neural-feature-identification-pipeline/124/features/MAV.h5
/scratch/general/vast/u1424875/neural-feature-identification-pipeline/34/features/MAV.h5
/scratch/general/vast/u1424875/neural-feature-identification-pipeline/4/features/MAV.h5
/scratch/general/vast/u1424875/neural-feature-identification-pipeline/109/features/MAV.h5
/scratch/general/vast/u1424875/neural-feature-identification-pipeline/139/features/MAV.h5
/scratch/general/vast/u1424875/neural-feature-identification-pipeline/35/features/NFR.h5
/scratch/general/vast/u1424875/neural-feature-identification-pipeline/55/kinematics.h5
/scratch/general/vast/u1424875/neural-feature-identification-pipeline/55/events.h5
/scratch/general/vast/u1424875/neural-feature-identification-pipeline/35/features/SBP-RAW.h5
/scratch/general/vast/u1424875/neural-feature-identification-pipeline/56/kinematics.h5
/scratch/general/vast/u1424875/neural-feature-identification-pipeline/56/events.h5
/scratch/general/vast/u1424875/neural-feature-identification-pipeline/35/features/DWT-DB4.h5
/scratch/general/vast/u1424875/neural-feature-identification-pipeline/57/kinematics.h5
/scratch/general/vast/u1424875/neural-feature-identification-pipeline/57/events.h5
/scratch/general/vast/u1424875/neural-feature-identification-pipeline/58/kinematics.h5
/scratch/general/vast/u1424875/neural-feature-identification-pipeline/58/events.h5
/scratch/general/vast/u1424875/neural-feature-identification-pipeline/35/features/MAV.h5
/scratch/general/vast/u1424875/neural-feature-identification-pipeline/59/kinematics.h5
/scratch/general/vast/u1424875/neural-feature-identification-pipeline/59/events.h5
/scratch/general/vast/u1424875/neural-feature-identification-pipeline/1/kinematics.h5
/scratch/general/vast/u1424875/neural-feature-identification-pipeline/1/events.h5
/scratch/general/vast/u1424875/neural-feature-identification-pipeline/60/kinematics.h5
/scratch/general/vast/u1424875/neural-feature-identification-pipeline/60/events.h5
/scratch/general/vast/u1424875/neural-feature-identification-pipeline/2/kinematics.h5
/scratch/general/vast/u1424875/neural-feature-identification-pipeline/2/events.h5
/scratch/general/vast/u1424875/neural-feature-identification-pipeline/62/kinematics.h5
/scratch/general/vast/u1424875/neural-feature-identification-pipeline/62/events.h5
/scratch/general/vast/u1424875/neural-feature-identification-pipeline/63/kinematics.h5
/scratch/general/vast/u1424875/neural-feature-identification-pipeline/63/events.h5
/scratch/general/vast/u1424875/neural-feature-identification-pipeline/37/features/NFR.h5
/scratch/general/vast/u1424875/neural-feature-identification-pipeline/37/features/SBP-RAW.h5
/scratch/general/vast/u1424875/neural-feature-identification-pipeline/4/kinematics.h5
/scratch/general/vast/u1424875/neural-feature-identification-pipeline/4/events.h5
/scratch/general/vast/u1424875/neural-feature-identification-pipeline/64/kinematics.h5
/scratch/general/vast/u1424875/neural-feature-identification-pipeline/64/events.h5
/scratch/general/vast/u1424875/neural-feature-identification-pipeline/37/features/DWT-DB4.h5
/scratch/general/vast/u1424875/neural-feature-identification-pipeline/65/kinematics.h5
/scratch/general/vast/u1424875/neural-feature-identification-pipeline/65/events.h5
/scratch/general/vast/u1424875/neural-feature-identification-pipeline/37/features/MAV.h5
/scratch/general/vast/u1424875/neural-feature-identification-pipeline/66/kinematics.h5
/scratch/general/vast/u1424875/neural-feature-identification-pipeline/66/events.h5
/scratch/general/vast/u1424875/neural-feature-identification-pipeline/38/features/NFR.h5
/scratch/general/vast/u1424875/neural-feature-identification-pipeline/67/kinematics.h5
/scratch/general/vast/u1424875/neural-feature-identification-pipeline/67/events.h5
/scratch/general/vast/u1424875/neural-feature-identification-pipeline/53/features/NFR.h5
/scratch/general/vast/u1424875/neural-feature-identification-pipeline/38/features/SBP-RAW.h5
/scratch/general/vast/u1424875/neural-feature-identification-pipeline/68/kinematics.h5
/scratch/general/vast/u1424875/neural-feature-identification-pipeline/68/events.h5
/scratch/general/vast/u1424875/neural-feature-identification-pipeline/53/features/SBP-RAW.h5
/scratch/general/vast/u1424875/neural-feature-identification-pipeline/69/kinematics.h5
/scratch/general/vast/u1424875/neural-feature-identification-pipeline/69/events.h5
/scratch/general/vast/u1424875/neural-feature-identification-pipeline/38/features/DWT-DB4.h5
/scratch/general/vast/u1424875/neural-feature-identification-pipeline/53/features/DWT-DB4.h5
/scratch/general/vast/u1424875/neural-feature-identification-pipeline/53/features/MAV.h5
/scratch/general/vast/u1424875/neural-feature-identification-pipeline/70/kinematics.h5
/scratch/general/vast/u1424875/neural-feature-identification-pipeline/70/events.h5
/scratch/general/vast/u1424875/neural-feature-identification-pipeline/38/features/MAV.h5
/scratch/general/vast/u1424875/neural-feature-identification-pipeline/39/features/NFR.h5
/scratch/general/vast/u1424875/neural-feature-identification-pipeline/12/kinematics.h5
/scratch/general/vast/u1424875/neural-feature-identification-pipeline/12/events.h5
/scratch/general/vast/u1424875/neural-feature-identification-pipeline/39/features/SBP-RAW.h5
/scratch/general/vast/u1424875/neural-feature-identification-pipeline/39/features/DWT-DB4.h5
